// !$*UTF8*$!
{
	archiveVersion = 1;
	classes = {
	};
	objectVersion = 46;
	objects = {

/* Begin PBXBuildFile section */
		323F8D191DD0181F008A0A7C /* ItemTableController.swift in Sources */ = {isa = PBXBuildFile; fileRef = 323F8D181DD0181F008A0A7C /* ItemTableController.swift */; };
		323F8D1D1DD01D1F008A0A7C /* Item.swift in Sources */ = {isa = PBXBuildFile; fileRef = 323F8D1C1DD01D1F008A0A7C /* Item.swift */; };
		323F8D211DD029AF008A0A7C /* data.txt in Resources */ = {isa = PBXBuildFile; fileRef = 323F8D201DD029AF008A0A7C /* data.txt */; };
		323F8D231DD036FF008A0A7C /* samplejson.txt in Resources */ = {isa = PBXBuildFile; fileRef = 323F8D221DD036FF008A0A7C /* samplejson.txt */; };
		324B91CD1DF0A47D00EF4764 /* ExaminationController.swift in Sources */ = {isa = PBXBuildFile; fileRef = 324B91CC1DF0A47D00EF4764 /* ExaminationController.swift */; };
		324B91CF1DF0A8F700EF4764 /* TextFieldCell.swift in Sources */ = {isa = PBXBuildFile; fileRef = 324B91CE1DF0A8F700EF4764 /* TextFieldCell.swift */; };
		324B91D51DF0B8A200EF4764 /* AssessmentController.swift in Sources */ = {isa = PBXBuildFile; fileRef = 324B91D41DF0B8A200EF4764 /* AssessmentController.swift */; };
		3260AD451DF1456900EA8DF3 /* PictureViewController.swift in Sources */ = {isa = PBXBuildFile; fileRef = 3260AD441DF1456900EA8DF3 /* PictureViewController.swift */; };
		327D81811DDA73BF00A6B0F1 /* Note.swift in Sources */ = {isa = PBXBuildFile; fileRef = 327D81801DDA73BF00A6B0F1 /* Note.swift */; };
		3285FAD91DDADA410071B017 /* NoteCell.swift in Sources */ = {isa = PBXBuildFile; fileRef = 3285FAD81DDADA410071B017 /* NoteCell.swift */; };
		328A53621DCBA2B70035DA6C /* DataStore.swift in Sources */ = {isa = PBXBuildFile; fileRef = 328A53611DCBA2B70035DA6C /* DataStore.swift */; };
		32D587D41DC8FA1F00E15047 /* AppDelegate.swift in Sources */ = {isa = PBXBuildFile; fileRef = 32D587D31DC8FA1F00E15047 /* AppDelegate.swift */; };
		32D587D61DC8FA1F00E15047 /* MainController.swift in Sources */ = {isa = PBXBuildFile; fileRef = 32D587D51DC8FA1F00E15047 /* MainController.swift */; };
		32D587D91DC8FA1F00E15047 /* Main.storyboard in Resources */ = {isa = PBXBuildFile; fileRef = 32D587D71DC8FA1F00E15047 /* Main.storyboard */; };
		32D587DB1DC8FA1F00E15047 /* Assets.xcassets in Resources */ = {isa = PBXBuildFile; fileRef = 32D587DA1DC8FA1F00E15047 /* Assets.xcassets */; };
		32D587DE1DC8FA1F00E15047 /* LaunchScreen.storyboard in Resources */ = {isa = PBXBuildFile; fileRef = 32D587DC1DC8FA1F00E15047 /* LaunchScreen.storyboard */; };
		32E5F21D1DF3FA4900DD785D /* ReferencesController.swift in Sources */ = {isa = PBXBuildFile; fileRef = 32E5F21C1DF3FA4900DD785D /* ReferencesController.swift */; };
		32E5F2201DF4A2B400DD785D /* assessment.json in Resources */ = {isa = PBXBuildFile; fileRef = 32E5F21E1DF4A2B400DD785D /* assessment.json */; };
		32E5F2211DF4A2B400DD785D /* symptoms.json in Resources */ = {isa = PBXBuildFile; fileRef = 32E5F21F1DF4A2B400DD785D /* symptoms.json */; };
		32E898E51DDA7D660051B9E5 /* NoteBook.swift in Sources */ = {isa = PBXBuildFile; fileRef = 32E898E41DDA7D660051B9E5 /* NoteBook.swift */; };
		32E898E71DDA81730051B9E5 /* NoteEditController.swift in Sources */ = {isa = PBXBuildFile; fileRef = 32E898E61DDA81730051B9E5 /* NoteEditController.swift */; };
		32E898E91DDA8C430051B9E5 /* NoteController.swift in Sources */ = {isa = PBXBuildFile; fileRef = 32E898E81DDA8C430051B9E5 /* NoteController.swift */; };
		32F67FCE1DED03D300AFD31E /* ItemTableCell.swift in Sources */ = {isa = PBXBuildFile; fileRef = 32F67FCD1DED03D300AFD31E /* ItemTableCell.swift */; };
		32F67FD51DED133E00AFD31E /* ImageCollectionCell.swift in Sources */ = {isa = PBXBuildFile; fileRef = 32F67FD41DED133E00AFD31E /* ImageCollectionCell.swift */; };
		32F67FD71DED41A500AFD31E /* siruis json.txt in Resources */ = {isa = PBXBuildFile; fileRef = 32F67FD61DED41A500AFD31E /* siruis json.txt */; };
		5166E453FD79E8A677D4F1E4 /* Pods_malnutrition_app.framework in Frameworks */ = {isa = PBXBuildFile; fileRef = 4CE7D24C59BD95752429DF5C /* Pods_malnutrition_app.framework */; };
/* End PBXBuildFile section */

/* Begin PBXFileReference section */
		323F8D181DD0181F008A0A7C /* ItemTableController.swift */ = {isa = PBXFileReference; fileEncoding = 4; lastKnownFileType = sourcecode.swift; path = ItemTableController.swift; sourceTree = "<group>"; };
		323F8D1C1DD01D1F008A0A7C /* Item.swift */ = {isa = PBXFileReference; fileEncoding = 4; lastKnownFileType = sourcecode.swift; path = Item.swift; sourceTree = "<group>"; };
		323F8D201DD029AF008A0A7C /* data.txt */ = {isa = PBXFileReference; fileEncoding = 4; lastKnownFileType = text; path = data.txt; sourceTree = "<group>"; };
		323F8D221DD036FF008A0A7C /* samplejson.txt */ = {isa = PBXFileReference; fileEncoding = 4; lastKnownFileType = text; path = samplejson.txt; sourceTree = "<group>"; };
		324B91CC1DF0A47D00EF4764 /* ExaminationController.swift */ = {isa = PBXFileReference; fileEncoding = 4; lastKnownFileType = sourcecode.swift; path = ExaminationController.swift; sourceTree = "<group>"; };
		324B91CE1DF0A8F700EF4764 /* TextFieldCell.swift */ = {isa = PBXFileReference; fileEncoding = 4; lastKnownFileType = sourcecode.swift; path = TextFieldCell.swift; sourceTree = "<group>"; };
		324B91D41DF0B8A200EF4764 /* AssessmentController.swift */ = {isa = PBXFileReference; fileEncoding = 4; lastKnownFileType = sourcecode.swift; path = AssessmentController.swift; sourceTree = "<group>"; };
		3260AD441DF1456900EA8DF3 /* PictureViewController.swift */ = {isa = PBXFileReference; fileEncoding = 4; lastKnownFileType = sourcecode.swift; path = PictureViewController.swift; sourceTree = "<group>"; };
		327D81801DDA73BF00A6B0F1 /* Note.swift */ = {isa = PBXFileReference; fileEncoding = 4; lastKnownFileType = sourcecode.swift; path = Note.swift; sourceTree = "<group>"; };
		3285FAD81DDADA410071B017 /* NoteCell.swift */ = {isa = PBXFileReference; fileEncoding = 4; lastKnownFileType = sourcecode.swift; path = NoteCell.swift; sourceTree = "<group>"; };
		328A53611DCBA2B70035DA6C /* DataStore.swift */ = {isa = PBXFileReference; fileEncoding = 4; lastKnownFileType = sourcecode.swift; path = DataStore.swift; sourceTree = "<group>"; };
		32D587D01DC8FA1F00E15047 /* malnutrition app.app */ = {isa = PBXFileReference; explicitFileType = wrapper.application; includeInIndex = 0; path = "malnutrition app.app"; sourceTree = BUILT_PRODUCTS_DIR; };
		32D587D31DC8FA1F00E15047 /* AppDelegate.swift */ = {isa = PBXFileReference; lastKnownFileType = sourcecode.swift; path = AppDelegate.swift; sourceTree = "<group>"; };
		32D587D51DC8FA1F00E15047 /* MainController.swift */ = {isa = PBXFileReference; lastKnownFileType = sourcecode.swift; path = MainController.swift; sourceTree = "<group>"; };
		32D587D81DC8FA1F00E15047 /* Base */ = {isa = PBXFileReference; lastKnownFileType = file.storyboard; name = Base; path = Base.lproj/Main.storyboard; sourceTree = "<group>"; };
		32D587DA1DC8FA1F00E15047 /* Assets.xcassets */ = {isa = PBXFileReference; lastKnownFileType = folder.assetcatalog; path = Assets.xcassets; sourceTree = "<group>"; };
		32D587DD1DC8FA1F00E15047 /* Base */ = {isa = PBXFileReference; lastKnownFileType = file.storyboard; name = Base; path = Base.lproj/LaunchScreen.storyboard; sourceTree = "<group>"; };
		32D587DF1DC8FA1F00E15047 /* Info.plist */ = {isa = PBXFileReference; lastKnownFileType = text.plist.xml; path = Info.plist; sourceTree = "<group>"; };
		32E5F21C1DF3FA4900DD785D /* ReferencesController.swift */ = {isa = PBXFileReference; fileEncoding = 4; lastKnownFileType = sourcecode.swift; path = ReferencesController.swift; sourceTree = "<group>"; };
		32E5F21E1DF4A2B400DD785D /* assessment.json */ = {isa = PBXFileReference; fileEncoding = 4; lastKnownFileType = text.json; path = assessment.json; sourceTree = "<group>"; };
		32E5F21F1DF4A2B400DD785D /* symptoms.json */ = {isa = PBXFileReference; fileEncoding = 4; lastKnownFileType = text.json; path = symptoms.json; sourceTree = "<group>"; };
		32E898E41DDA7D660051B9E5 /* NoteBook.swift */ = {isa = PBXFileReference; fileEncoding = 4; lastKnownFileType = sourcecode.swift; path = NoteBook.swift; sourceTree = "<group>"; };
		32E898E61DDA81730051B9E5 /* NoteEditController.swift */ = {isa = PBXFileReference; fileEncoding = 4; lastKnownFileType = sourcecode.swift; path = NoteEditController.swift; sourceTree = "<group>"; };
		32E898E81DDA8C430051B9E5 /* NoteController.swift */ = {isa = PBXFileReference; fileEncoding = 4; lastKnownFileType = sourcecode.swift; path = NoteController.swift; sourceTree = "<group>"; };
		32F67FCD1DED03D300AFD31E /* ItemTableCell.swift */ = {isa = PBXFileReference; fileEncoding = 4; lastKnownFileType = sourcecode.swift; path = ItemTableCell.swift; sourceTree = "<group>"; };
		32F67FD41DED133E00AFD31E /* ImageCollectionCell.swift */ = {isa = PBXFileReference; fileEncoding = 4; lastKnownFileType = sourcecode.swift; path = ImageCollectionCell.swift; sourceTree = "<group>"; };
		32F67FD61DED41A500AFD31E /* siruis json.txt */ = {isa = PBXFileReference; fileEncoding = 4; lastKnownFileType = text; path = "siruis json.txt"; sourceTree = "<group>"; };
		4CE7D24C59BD95752429DF5C /* Pods_malnutrition_app.framework */ = {isa = PBXFileReference; explicitFileType = wrapper.framework; includeInIndex = 0; path = Pods_malnutrition_app.framework; sourceTree = BUILT_PRODUCTS_DIR; };
		4D8533A467F6279AA992F07B /* Pods-malnutrition app.debug.xcconfig */ = {isa = PBXFileReference; includeInIndex = 1; lastKnownFileType = text.xcconfig; name = "Pods-malnutrition app.debug.xcconfig"; path = "Pods/Target Support Files/Pods-malnutrition app/Pods-malnutrition app.debug.xcconfig"; sourceTree = "<group>"; };
		A161A7C601922742337D5974 /* Pods-malnutrition app.release.xcconfig */ = {isa = PBXFileReference; includeInIndex = 1; lastKnownFileType = text.xcconfig; name = "Pods-malnutrition app.release.xcconfig"; path = "Pods/Target Support Files/Pods-malnutrition app/Pods-malnutrition app.release.xcconfig"; sourceTree = "<group>"; };
/* End PBXFileReference section */

/* Begin PBXFrameworksBuildPhase section */
		32D587CD1DC8FA1F00E15047 /* Frameworks */ = {
			isa = PBXFrameworksBuildPhase;
			buildActionMask = 2147483647;
			files = (
				5166E453FD79E8A677D4F1E4 /* Pods_malnutrition_app.framework in Frameworks */,
			);
			runOnlyForDeploymentPostprocessing = 0;
		};
/* End PBXFrameworksBuildPhase section */

/* Begin PBXGroup section */
		1EAF4CB6216C9798426607C5 /* Pods */ = {
			isa = PBXGroup;
			children = (
				4D8533A467F6279AA992F07B /* Pods-malnutrition app.debug.xcconfig */,
				A161A7C601922742337D5974 /* Pods-malnutrition app.release.xcconfig */,
			);
			name = Pods;
			sourceTree = "<group>";
		};
		32D587C71DC8FA1F00E15047 = {
			isa = PBXGroup;
			children = (
				32D587D21DC8FA1F00E15047 /* malnutrition app */,
				32D587D11DC8FA1F00E15047 /* Products */,
				1EAF4CB6216C9798426607C5 /* Pods */,
				FAB15955479DA14E8EAFC4EF /* Frameworks */,
			);
			sourceTree = "<group>";
		};
		32D587D11DC8FA1F00E15047 /* Products */ = {
			isa = PBXGroup;
			children = (
				32D587D01DC8FA1F00E15047 /* malnutrition app.app */,
			);
			name = Products;
			sourceTree = "<group>";
		};
		32D587D21DC8FA1F00E15047 /* malnutrition app */ = {
			isa = PBXGroup;
			children = (
				32F67FD11DED129000AFD31E /* Model */,
				32F67FD01DED128B00AFD31E /* View */,
				32F67FCF1DED127000AFD31E /* Controller */,
				323F8D201DD029AF008A0A7C /* data.txt */,
				32E5F21E1DF4A2B400DD785D /* assessment.json */,
				32E5F21F1DF4A2B400DD785D /* symptoms.json */,
				32F67FD61DED41A500AFD31E /* siruis json.txt */,
				32D587DF1DC8FA1F00E15047 /* Info.plist */,
				323F8D221DD036FF008A0A7C /* samplejson.txt */,
			);
			path = "malnutrition app";
			sourceTree = "<group>";
		};
		32F67FCF1DED127000AFD31E /* Controller */ = {
			isa = PBXGroup;
			children = (
				32D587D31DC8FA1F00E15047 /* AppDelegate.swift */,
				32F67FD31DED130B00AFD31E /* Cells */,
				32F67FD21DED130100AFD31E /* Screens */,
			);
			name = Controller;
			sourceTree = "<group>";
		};
		32F67FD01DED128B00AFD31E /* View */ = {
			isa = PBXGroup;
			children = (
				32D587D71DC8FA1F00E15047 /* Main.storyboard */,
				32D587DC1DC8FA1F00E15047 /* LaunchScreen.storyboard */,
				32D587DA1DC8FA1F00E15047 /* Assets.xcassets */,
			);
			name = View;
			sourceTree = "<group>";
		};
		32F67FD11DED129000AFD31E /* Model */ = {
			isa = PBXGroup;
			children = (
				328A53611DCBA2B70035DA6C /* DataStore.swift */,
				323F8D1C1DD01D1F008A0A7C /* Item.swift */,
				327D81801DDA73BF00A6B0F1 /* Note.swift */,
				32E898E41DDA7D660051B9E5 /* NoteBook.swift */,
			);
			name = Model;
			sourceTree = "<group>";
		};
		32F67FD21DED130100AFD31E /* Screens */ = {
			isa = PBXGroup;
			children = (
				32D587D51DC8FA1F00E15047 /* MainController.swift */,
				324B91CC1DF0A47D00EF4764 /* ExaminationController.swift */,
				32E898E61DDA81730051B9E5 /* NoteEditController.swift */,
				323F8D181DD0181F008A0A7C /* ItemTableController.swift */,
				32E898E81DDA8C430051B9E5 /* NoteController.swift */,
				324B91D41DF0B8A200EF4764 /* AssessmentController.swift */,
				3260AD441DF1456900EA8DF3 /* PictureViewController.swift */,
				32E5F21C1DF3FA4900DD785D /* ReferencesController.swift */,
			);
			name = Screens;
			sourceTree = "<group>";
		};
		32F67FD31DED130B00AFD31E /* Cells */ = {
			isa = PBXGroup;
			children = (
				3285FAD81DDADA410071B017 /* NoteCell.swift */,
				32F67FCD1DED03D300AFD31E /* ItemTableCell.swift */,
				32F67FD41DED133E00AFD31E /* ImageCollectionCell.swift */,
				324B91CE1DF0A8F700EF4764 /* TextFieldCell.swift */,
			);
			name = Cells;
			sourceTree = "<group>";
		};
		FAB15955479DA14E8EAFC4EF /* Frameworks */ = {
			isa = PBXGroup;
			children = (
				4CE7D24C59BD95752429DF5C /* Pods_malnutrition_app.framework */,
			);
			name = Frameworks;
			sourceTree = "<group>";
		};
/* End PBXGroup section */

/* Begin PBXNativeTarget section */
		32D587CF1DC8FA1F00E15047 /* malnutrition app */ = {
			isa = PBXNativeTarget;
			buildConfigurationList = 32D587E21DC8FA1F00E15047 /* Build configuration list for PBXNativeTarget "malnutrition app" */;
			buildPhases = (
				987386A3318DC5019515805F /* [CP] Check Pods Manifest.lock */,
				32D587CC1DC8FA1F00E15047 /* Sources */,
				32D587CD1DC8FA1F00E15047 /* Frameworks */,
				32D587CE1DC8FA1F00E15047 /* Resources */,
				FF33CF70098462FDBF7E1B76 /* [CP] Embed Pods Frameworks */,
				EC559A342B5C054584755ADD /* [CP] Copy Pods Resources */,
			);
			buildRules = (
			);
			dependencies = (
			);
			name = "malnutrition app";
			productName = "malnutrition app";
			productReference = 32D587D01DC8FA1F00E15047 /* malnutrition app.app */;
			productType = "com.apple.product-type.application";
		};
/* End PBXNativeTarget section */

/* Begin PBXProject section */
		32D587C81DC8FA1F00E15047 /* Project object */ = {
			isa = PBXProject;
			attributes = {
				LastSwiftUpdateCheck = 0800;
				LastUpgradeCheck = 0800;
				ORGANIZATIONNAME = "Bowen Jin";
				TargetAttributes = {
					32D587CF1DC8FA1F00E15047 = {
						CreatedOnToolsVersion = 8.0;
						DevelopmentTeam = DE4758AREF;
						ProvisioningStyle = Automatic;
					};
				};
			};
			buildConfigurationList = 32D587CB1DC8FA1F00E15047 /* Build configuration list for PBXProject "malnutrition app" */;
			compatibilityVersion = "Xcode 3.2";
			developmentRegion = English;
			hasScannedForEncodings = 0;
			knownRegions = (
				en,
				Base,
			);
			mainGroup = 32D587C71DC8FA1F00E15047;
			productRefGroup = 32D587D11DC8FA1F00E15047 /* Products */;
			projectDirPath = "";
			projectRoot = "";
			targets = (
				32D587CF1DC8FA1F00E15047 /* malnutrition app */,
			);
		};
/* End PBXProject section */

/* Begin PBXResourcesBuildPhase section */
		32D587CE1DC8FA1F00E15047 /* Resources */ = {
			isa = PBXResourcesBuildPhase;
			buildActionMask = 2147483647;
			files = (
				323F8D211DD029AF008A0A7C /* data.txt in Resources */,
				32E5F2211DF4A2B400DD785D /* symptoms.json in Resources */,
				323F8D231DD036FF008A0A7C /* samplejson.txt in Resources */,
				32E5F2201DF4A2B400DD785D /* assessment.json in Resources */,
				32F67FD71DED41A500AFD31E /* siruis json.txt in Resources */,
				32D587DE1DC8FA1F00E15047 /* LaunchScreen.storyboard in Resources */,
				32D587DB1DC8FA1F00E15047 /* Assets.xcassets in Resources */,
				32D587D91DC8FA1F00E15047 /* Main.storyboard in Resources */,
			);
			runOnlyForDeploymentPostprocessing = 0;
		};
/* End PBXResourcesBuildPhase section */

/* Begin PBXShellScriptBuildPhase section */
		987386A3318DC5019515805F /* [CP] Check Pods Manifest.lock */ = {
			isa = PBXShellScriptBuildPhase;
			buildActionMask = 2147483647;
			files = (
			);
			inputPaths = (
			);
			name = "[CP] Check Pods Manifest.lock";
			outputPaths = (
			);
			runOnlyForDeploymentPostprocessing = 0;
			shellPath = /bin/sh;
			shellScript = "diff \"${PODS_ROOT}/../Podfile.lock\" \"${PODS_ROOT}/Manifest.lock\" > /dev/null\nif [[ $? != 0 ]] ; then\n    cat << EOM\nerror: The sandbox is not in sync with the Podfile.lock. Run 'pod install' or update your CocoaPods installation.\nEOM\n    exit 1\nfi\n";
			showEnvVarsInLog = 0;
		};
		EC559A342B5C054584755ADD /* [CP] Copy Pods Resources */ = {
			isa = PBXShellScriptBuildPhase;
			buildActionMask = 2147483647;
			files = (
			);
			inputPaths = (
			);
			name = "[CP] Copy Pods Resources";
			outputPaths = (
			);
			runOnlyForDeploymentPostprocessing = 0;
			shellPath = /bin/sh;
			shellScript = "\"${SRCROOT}/Pods/Target Support Files/Pods-malnutrition app/Pods-malnutrition app-resources.sh\"\n";
			showEnvVarsInLog = 0;
		};
		FF33CF70098462FDBF7E1B76 /* [CP] Embed Pods Frameworks */ = {
			isa = PBXShellScriptBuildPhase;
			buildActionMask = 2147483647;
			files = (
			);
			inputPaths = (
			);
			name = "[CP] Embed Pods Frameworks";
			outputPaths = (
			);
			runOnlyForDeploymentPostprocessing = 0;
			shellPath = /bin/sh;
			shellScript = "\"${SRCROOT}/Pods/Target Support Files/Pods-malnutrition app/Pods-malnutrition app-frameworks.sh\"\n";
			showEnvVarsInLog = 0;
		};
/* End PBXShellScriptBuildPhase section */

/* Begin PBXSourcesBuildPhase section */
		32D587CC1DC8FA1F00E15047 /* Sources */ = {
			isa = PBXSourcesBuildPhase;
			buildActionMask = 2147483647;
			files = (
				328A53621DCBA2B70035DA6C /* DataStore.swift in Sources */,
				3260AD451DF1456900EA8DF3 /* PictureViewController.swift in Sources */,
				32D587D61DC8FA1F00E15047 /* MainController.swift in Sources */,
				32E898E51DDA7D660051B9E5 /* NoteBook.swift in Sources */,
				32F67FD51DED133E00AFD31E /* ImageCollectionCell.swift in Sources */,
				32D587D41DC8FA1F00E15047 /* AppDelegate.swift in Sources */,
				32F67FCE1DED03D300AFD31E /* ItemTableCell.swift in Sources */,
				324B91CF1DF0A8F700EF4764 /* TextFieldCell.swift in Sources */,
				324B91CD1DF0A47D00EF4764 /* ExaminationController.swift in Sources */,
				32E898E71DDA81730051B9E5 /* NoteEditController.swift in Sources */,
				323F8D1D1DD01D1F008A0A7C /* Item.swift in Sources */,
				32E5F21D1DF3FA4900DD785D /* ReferencesController.swift in Sources */,
				324B91D51DF0B8A200EF4764 /* AssessmentController.swift in Sources */,
				327D81811DDA73BF00A6B0F1 /* Note.swift in Sources */,
				323F8D191DD0181F008A0A7C /* ItemTableController.swift in Sources */,
				32E898E91DDA8C430051B9E5 /* NoteController.swift in Sources */,
				3285FAD91DDADA410071B017 /* NoteCell.swift in Sources */,
			);
			runOnlyForDeploymentPostprocessing = 0;
		};
/* End PBXSourcesBuildPhase section */

/* Begin PBXVariantGroup section */
		32D587D71DC8FA1F00E15047 /* Main.storyboard */ = {
			isa = PBXVariantGroup;
			children = (
				32D587D81DC8FA1F00E15047 /* Base */,
			);
			name = Main.storyboard;
			sourceTree = "<group>";
		};
		32D587DC1DC8FA1F00E15047 /* LaunchScreen.storyboard */ = {
			isa = PBXVariantGroup;
			children = (
				32D587DD1DC8FA1F00E15047 /* Base */,
			);
			name = LaunchScreen.storyboard;
			sourceTree = "<group>";
		};
/* End PBXVariantGroup section */

/* Begin XCBuildConfiguration section */
		32D587E01DC8FA1F00E15047 /* Debug */ = {
			isa = XCBuildConfiguration;
			buildSettings = {
				ALWAYS_SEARCH_USER_PATHS = NO;
				CLANG_ANALYZER_NONNULL = YES;
				CLANG_CXX_LANGUAGE_STANDARD = "gnu++0x";
				CLANG_CXX_LIBRARY = "libc++";
				CLANG_ENABLE_MODULES = YES;
				CLANG_ENABLE_OBJC_ARC = YES;
				CLANG_WARN_BOOL_CONVERSION = YES;
				CLANG_WARN_CONSTANT_CONVERSION = YES;
				CLANG_WARN_DIRECT_OBJC_ISA_USAGE = YES_ERROR;
				CLANG_WARN_DOCUMENTATION_COMMENTS = YES;
				CLANG_WARN_EMPTY_BODY = YES;
				CLANG_WARN_ENUM_CONVERSION = YES;
				CLANG_WARN_INFINITE_RECURSION = YES;
				CLANG_WARN_INT_CONVERSION = YES;
				CLANG_WARN_OBJC_ROOT_CLASS = YES_ERROR;
				CLANG_WARN_SUSPICIOUS_MOVES = YES;
				CLANG_WARN_UNREACHABLE_CODE = YES;
				CLANG_WARN__DUPLICATE_METHOD_MATCH = YES;
				"CODE_SIGN_IDENTITY[sdk=iphoneos*]" = "iPhone Developer";
				COPY_PHASE_STRIP = NO;
				DEBUG_INFORMATION_FORMAT = dwarf;
				ENABLE_STRICT_OBJC_MSGSEND = YES;
				ENABLE_TESTABILITY = YES;
				GCC_C_LANGUAGE_STANDARD = gnu99;
				GCC_DYNAMIC_NO_PIC = NO;
				GCC_NO_COMMON_BLOCKS = YES;
				GCC_OPTIMIZATION_LEVEL = 0;
				GCC_PREPROCESSOR_DEFINITIONS = (
					"DEBUG=1",
					"$(inherited)",
				);
				GCC_WARN_64_TO_32_BIT_CONVERSION = YES;
				GCC_WARN_ABOUT_RETURN_TYPE = YES_ERROR;
				GCC_WARN_UNDECLARED_SELECTOR = YES;
				GCC_WARN_UNINITIALIZED_AUTOS = YES_AGGRESSIVE;
				GCC_WARN_UNUSED_FUNCTION = YES;
				GCC_WARN_UNUSED_VARIABLE = YES;
				IPHONEOS_DEPLOYMENT_TARGET = 10.0;
				MTL_ENABLE_DEBUG_INFO = YES;
				ONLY_ACTIVE_ARCH = YES;
				SDKROOT = iphoneos;
				SWIFT_ACTIVE_COMPILATION_CONDITIONS = DEBUG;
				SWIFT_OPTIMIZATION_LEVEL = "-Onone";
			};
			name = Debug;
		};
		32D587E11DC8FA1F00E15047 /* Release */ = {
			isa = XCBuildConfiguration;
			buildSettings = {
				ALWAYS_SEARCH_USER_PATHS = NO;
				CLANG_ANALYZER_NONNULL = YES;
				CLANG_CXX_LANGUAGE_STANDARD = "gnu++0x";
				CLANG_CXX_LIBRARY = "libc++";
				CLANG_ENABLE_MODULES = YES;
				CLANG_ENABLE_OBJC_ARC = YES;
				CLANG_WARN_BOOL_CONVERSION = YES;
				CLANG_WARN_CONSTANT_CONVERSION = YES;
				CLANG_WARN_DIRECT_OBJC_ISA_USAGE = YES_ERROR;
				CLANG_WARN_DOCUMENTATION_COMMENTS = YES;
				CLANG_WARN_EMPTY_BODY = YES;
				CLANG_WARN_ENUM_CONVERSION = YES;
				CLANG_WARN_INFINITE_RECURSION = YES;
				CLANG_WARN_INT_CONVERSION = YES;
				CLANG_WARN_OBJC_ROOT_CLASS = YES_ERROR;
				CLANG_WARN_SUSPICIOUS_MOVES = YES;
				CLANG_WARN_UNREACHABLE_CODE = YES;
				CLANG_WARN__DUPLICATE_METHOD_MATCH = YES;
				"CODE_SIGN_IDENTITY[sdk=iphoneos*]" = "iPhone Developer";
				COPY_PHASE_STRIP = NO;
				DEBUG_INFORMATION_FORMAT = "dwarf-with-dsym";
				ENABLE_NS_ASSERTIONS = NO;
				ENABLE_STRICT_OBJC_MSGSEND = YES;
				GCC_C_LANGUAGE_STANDARD = gnu99;
				GCC_NO_COMMON_BLOCKS = YES;
				GCC_WARN_64_TO_32_BIT_CONVERSION = YES;
				GCC_WARN_ABOUT_RETURN_TYPE = YES_ERROR;
				GCC_WARN_UNDECLARED_SELECTOR = YES;
				GCC_WARN_UNINITIALIZED_AUTOS = YES_AGGRESSIVE;
				GCC_WARN_UNUSED_FUNCTION = YES;
				GCC_WARN_UNUSED_VARIABLE = YES;
				IPHONEOS_DEPLOYMENT_TARGET = 10.0;
				MTL_ENABLE_DEBUG_INFO = NO;
				SDKROOT = iphoneos;
				SWIFT_OPTIMIZATION_LEVEL = "-Owholemodule";
				VALIDATE_PRODUCT = YES;
			};
			name = Release;
		};
		32D587E31DC8FA1F00E15047 /* Debug */ = {
			isa = XCBuildConfiguration;
			baseConfigurationReference = 4D8533A467F6279AA992F07B /* Pods-malnutrition app.debug.xcconfig */;
			buildSettings = {
				ASSETCATALOG_COMPILER_APPICON_NAME = AppIcon;
				DEVELOPMENT_TEAM = DE4758AREF;
				INFOPLIST_FILE = "malnutrition app/Info.plist";
				LD_RUNPATH_SEARCH_PATHS = "$(inherited) @executable_path/Frameworks";
				PRODUCT_BUNDLE_IDENTIFIER = "vandy.malnutrition-app";
				PRODUCT_NAME = "$(TARGET_NAME)";
				SWIFT_VERSION = 3.0;
			};
			name = Debug;
		};
		32D587E41DC8FA1F00E15047 /* Release */ = {
			isa = XCBuildConfiguration;
			baseConfigurationReference = A161A7C601922742337D5974 /* Pods-malnutrition app.release.xcconfig */;
			buildSettings = {
				ASSETCATALOG_COMPILER_APPICON_NAME = AppIcon;
				DEVELOPMENT_TEAM = DE4758AREF;
				INFOPLIST_FILE = "malnutrition app/Info.plist";
				LD_RUNPATH_SEARCH_PATHS = "$(inherited) @executable_path/Frameworks";
				PRODUCT_BUNDLE_IDENTIFIER = "vandy.malnutrition-app";
				PRODUCT_NAME = "$(TARGET_NAME)";
				SWIFT_VERSION = 3.0;
			};
			name = Release;
		};
/* End XCBuildConfiguration section */

/* Begin XCConfigurationList section */
		32D587CB1DC8FA1F00E15047 /* Build configuration list for PBXProject "malnutrition app" */ = {
			isa = XCConfigurationList;
			buildConfigurations = (
				32D587E01DC8FA1F00E15047 /* Debug */,
				32D587E11DC8FA1F00E15047 /* Release */,
			);
			defaultConfigurationIsVisible = 0;
			defaultConfigurationName = Release;
		};
		32D587E21DC8FA1F00E15047 /* Build configuration list for PBXNativeTarget "malnutrition app" */ = {
			isa = XCConfigurationList;
			buildConfigurations = (
				32D587E31DC8FA1F00E15047 /* Debug */,
				32D587E41DC8FA1F00E15047 /* Release */,
			);
			defaultConfigurationIsVisible = 0;
			defaultConfigurationName = Release;
		};
/* End XCConfigurationList section */
	};
	rootObject = 32D587C81DC8FA1F00E15047 /* Project object */;
}
